
Microsoft Visual Studio Solution File, Format Version 12.00
# Visual Studio Version 17
VisualStudioVersion = 17.14.36811.4
MinimumVisualStudioVersion = 10.0.40219.1
Project("{FAE04EC0-301F-11D3-BF4B-00C04F79EFBC}") = "FluentManagementSystem", "FluentManagementSystem\FluentManagementSystem\FluentManagementSystem.csproj", "{082C6DD1-0CC1-4A5C-94CF-8CDC3DF6175E}"
	ProjectSection(ProjectDependencies) = postProject
		{91AA4A74-0B6E-42FB-8D68-9E3829B8FE07} = {91AA4A74-0B6E-42FB-8D68-9E3829B8FE07}
	EndProjectSection
EndProject
Project("{FAE04EC0-301F-11D3-BF4B-00C04F79EFBC}") = "FluentManagementSystem.Client", "FluentManagementSystem\FluentManagementSystem.Client\FluentManagementSystem.Client.csproj", "{113DC36B-AA47-4E74-B9F9-E19DD79E1026}"
EndProject
Project("{FAE04EC0-301F-11D3-BF4B-00C04F79EFBC}") = "access", "access\access.csproj", "{91AA4A74-0B6E-42FB-8D68-9E3829B8FE07}"
EndProject
Global
	GlobalSection(SolutionConfigurationPlatforms) = preSolution
		Debug|Any CPU = Debug|Any CPU
		Release|Any CPU = Release|Any CPU
	EndGlobalSection
	GlobalSection(ProjectConfigurationPlatforms) = postSolution
		{082C6DD1-0CC1-4A5C-94CF-8CDC3DF6175E}.Debug|Any CPU.ActiveCfg = Debug|Any CPU
		{082C6DD1-0CC1-4A5C-94CF-8CDC3DF6175E}.Debug|Any CPU.Build.0 = Debug|Any CPU
		{082C6DD1-0CC1-4A5C-94CF-8CDC3DF6175E}.Release|Any CPU.ActiveCfg = Release|Any CPU
		{082C6DD1-0CC1-4A5C-94CF-8CDC3DF6175E}.Release|Any CPU.Build.0 = Release|Any CPU
		{113DC36B-AA47-4E74-B9F9-E19DD79E1026}.Debug|Any CPU.ActiveCfg = Debug|Any CPU
		{113DC36B-AA47-4E74-B9F9-E19DD79E1026}.Debug|Any CPU.Build.0 = Debug|Any CPU
		{113DC36B-AA47-4E74-B9F9-E19DD79E1026}.Release|Any CPU.ActiveCfg = Release|Any CPU
		{113DC36B-AA47-4E74-B9F9-E19DD79E1026}.Release|Any CPU.Build.0 = Release|Any CPU
		{91AA4A74-0B6E-42FB-8D68-9E3829B8FE07}.Debug|Any CPU.ActiveCfg = Debug|Any CPU
		{91AA4A74-0B6E-42FB-8D68-9E3829B8FE07}.Debug|Any CPU.Build.0 = Debug|Any CPU
		{91AA4A74-0B6E-42FB-8D68-9E3829B8FE07}.Release|Any CPU.ActiveCfg = Release|Any CPU
		{91AA4A74-0B6E-42FB-8D68-9E3829B8FE07}.Release|Any CPU.Build.0 = Release|Any CPU
	EndGlobalSection
	GlobalSection(SolutionProperties) = preSolution
		HideSolutionNode = FALSE
	EndGlobalSection
	GlobalSection(ExtensibilityGlobals) = postSolution
		SolutionGuid = {F3615F2D-F02A-48CA-8E29-A5722AC48EA4}
	EndGlobalSection
EndGlobal
